
Microsoft Visual Studio Solution File, Format Version 12.00
# Visual Studio 2012
Project("{8BC9CEB9-8B4A-11D0-8D11-00A0C91BC942}") = "M3K-Community-Editor", "M3K-Community-Editor.dll", "{80778ED2-CE10-4E36-A877-815CB6FB6071}"
	ProjectSection(MonoDevelopProperties) = preProject
		name = M3K-Community-Editor
		Configurations = $0
		$0.Configuration = $1
		$1.name = Default
		$1.OutputPath = .\
		$1.ctype = ProjectConfiguration
	EndProjectSection
EndProject
Global
	GlobalSection(SolutionConfigurationPlatforms) = preSolution
		Default|Any CPU = Default|Any CPU
	EndGlobalSection
	GlobalSection(ProjectConfigurationPlatforms) = postSolution
		{80778ED2-CE10-4E36-A877-815CB6FB6071}.Default|Any CPU.ActiveCfg = Default|Any CPU
		{80778ED2-CE10-4E36-A877-815CB6FB6071}.Default|Any CPU.Build.0 = Default|Any CPU
	EndGlobalSection
EndGlobal
